
Microsoft Visual Studio Solution File, Format Version 12.00
# Visual Studio Version 17
VisualStudioVersion = 17.14.36623.8
MinimumVisualStudioVersion = 10.0.40219.1
Project("{FAE04EC0-301F-11D3-BF4B-00C04F79EFBC}") = "questao1", "questao1\questao1.csproj", "{650102AF-8FD4-4774-816A-CB5FC74660E2}"
EndProject
Project("{FAE04EC0-301F-11D3-BF4B-00C04F79EFBC}") = "questao2", "questao2\questao2.csproj", "{4938E90D-4F87-438C-BF5A-0732A64B15D7}"
EndProject
Project("{FAE04EC0-301F-11D3-BF4B-00C04F79EFBC}") = "questao3", "questao3\questao3.csproj", "{01A3AAA9-742D-4189-BA51-1188D4E4D94E}"
EndProject
Project("{FAE04EC0-301F-11D3-BF4B-00C04F79EFBC}") = "questao4", "questao4\questao4.csproj", "{5AA7B4BF-676B-43E4-89E7-3BA34A22E511}"
EndProject
Project("{FAE04EC0-301F-11D3-BF4B-00C04F79EFBC}") = "questao5", "questao5\questao5.csproj", "{C94F9D23-8042-49DC-93FD-5581F539F703}"
EndProject
Project("{FAE04EC0-301F-11D3-BF4B-00C04F79EFBC}") = "questao6", "questao6\questao6.csproj", "{852B3D28-AE54-4E96-9730-418ECEAB92B9}"
EndProject
Project("{FAE04EC0-301F-11D3-BF4B-00C04F79EFBC}") = "questao7", "questao7\questao7.csproj", "{2FF384B4-B765-4698-9529-55BB4CADC4ED}"
EndProject
Project("{FAE04EC0-301F-11D3-BF4B-00C04F79EFBC}") = "questao8", "questao8\questao8.csproj", "{5A6B99A8-48AE-4841-B1FF-D0104DBFBD72}"
EndProject
Global
	GlobalSection(SolutionConfigurationPlatforms) = preSolution
		Debug|Any CPU = Debug|Any CPU
		Release|Any CPU = Release|Any CPU
	EndGlobalSection
	GlobalSection(ProjectConfigurationPlatforms) = postSolution
		{650102AF-8FD4-4774-816A-CB5FC74660E2}.Debug|Any CPU.ActiveCfg = Debug|Any CPU
		{650102AF-8FD4-4774-816A-CB5FC74660E2}.Debug|Any CPU.Build.0 = Debug|Any CPU
		{650102AF-8FD4-4774-816A-CB5FC74660E2}.Release|Any CPU.ActiveCfg = Release|Any CPU
		{650102AF-8FD4-4774-816A-CB5FC74660E2}.Release|Any CPU.Build.0 = Release|Any CPU
		{4938E90D-4F87-438C-BF5A-0732A64B15D7}.Debug|Any CPU.ActiveCfg = Debug|Any CPU
		{4938E90D-4F87-438C-BF5A-0732A64B15D7}.Debug|Any CPU.Build.0 = Debug|Any CPU
		{4938E90D-4F87-438C-BF5A-0732A64B15D7}.Release|Any CPU.ActiveCfg = Release|Any CPU
		{4938E90D-4F87-438C-BF5A-0732A64B15D7}.Release|Any CPU.Build.0 = Release|Any CPU
		{01A3AAA9-742D-4189-BA51-1188D4E4D94E}.Debug|Any CPU.ActiveCfg = Debug|Any CPU
		{01A3AAA9-742D-4189-BA51-1188D4E4D94E}.Debug|Any CPU.Build.0 = Debug|Any CPU
		{01A3AAA9-742D-4189-BA51-1188D4E4D94E}.Release|Any CPU.ActiveCfg = Release|Any CPU
		{01A3AAA9-742D-4189-BA51-1188D4E4D94E}.Release|Any CPU.Build.0 = Release|Any CPU
		{5AA7B4BF-676B-43E4-89E7-3BA34A22E511}.Debug|Any CPU.ActiveCfg = Debug|Any CPU
		{5AA7B4BF-676B-43E4-89E7-3BA34A22E511}.Debug|Any CPU.Build.0 = Debug|Any CPU
		{5AA7B4BF-676B-43E4-89E7-3BA34A22E511}.Release|Any CPU.ActiveCfg = Release|Any CPU
		{5AA7B4BF-676B-43E4-89E7-3BA34A22E511}.Release|Any CPU.Build.0 = Release|Any CPU
		{C94F9D23-8042-49DC-93FD-5581F539F703}.Debug|Any CPU.ActiveCfg = Debug|Any CPU
		{C94F9D23-8042-49DC-93FD-5581F539F703}.Debug|Any CPU.Build.0 = Debug|Any CPU
		{C94F9D23-8042-49DC-93FD-5581F539F703}.Release|Any CPU.ActiveCfg = Release|Any CPU
		{C94F9D23-8042-49DC-93FD-5581F539F703}.Release|Any CPU.Build.0 = Release|Any CPU
		{852B3D28-AE54-4E96-9730-418ECEAB92B9}.Debug|Any CPU.ActiveCfg = Debug|Any CPU
		{852B3D28-AE54-4E96-9730-418ECEAB92B9}.Debug|Any CPU.Build.0 = Debug|Any CPU
		{852B3D28-AE54-4E96-9730-418ECEAB92B9}.Release|Any CPU.ActiveCfg = Release|Any CPU
		{852B3D28-AE54-4E96-9730-418ECEAB92B9}.Release|Any CPU.Build.0 = Release|Any CPU
		{2FF384B4-B765-4698-9529-55BB4CADC4ED}.Debug|Any CPU.ActiveCfg = Debug|Any CPU
		{2FF384B4-B765-4698-9529-55BB4CADC4ED}.Debug|Any CPU.Build.0 = Debug|Any CPU
		{2FF384B4-B765-4698-9529-55BB4CADC4ED}.Release|Any CPU.ActiveCfg = Release|Any CPU
		{2FF384B4-B765-4698-9529-55BB4CADC4ED}.Release|Any CPU.Build.0 = Release|Any CPU
		{5A6B99A8-48AE-4841-B1FF-D0104DBFBD72}.Debug|Any CPU.ActiveCfg = Debug|Any CPU
		{5A6B99A8-48AE-4841-B1FF-D0104DBFBD72}.Debug|Any CPU.Build.0 = Debug|Any CPU
		{5A6B99A8-48AE-4841-B1FF-D0104DBFBD72}.Release|Any CPU.ActiveCfg = Release|Any CPU
		{5A6B99A8-48AE-4841-B1FF-D0104DBFBD72}.Release|Any CPU.Build.0 = Release|Any CPU
	EndGlobalSection
	GlobalSection(SolutionProperties) = preSolution
		HideSolutionNode = FALSE
	EndGlobalSection
	GlobalSection(ExtensibilityGlobals) = postSolution
		SolutionGuid = {397D49CA-2B7F-45B4-86BD-80E72FBB8266}
	EndGlobalSection
EndGlobal
