
Microsoft Visual Studio Solution File, Format Version 12.00
# Visual Studio Version 17
VisualStudioVersion = 17.8.36227.8
MinimumVisualStudioVersion = 10.0.40219.1
Project("{FAE04EC0-301F-11D3-BF4B-00C04F79EFBC}") = "questao1", "questao1\questao1.csproj", "{956EB56C-A567-4BCE-81CB-2B67F8447374}"
EndProject
Project("{FAE04EC0-301F-11D3-BF4B-00C04F79EFBC}") = "questao3", "questao3\questao3.csproj", "{65E99009-1C95-496D-8685-FA73EFBBB534}"
EndProject
Project("{FAE04EC0-301F-11D3-BF4B-00C04F79EFBC}") = "questao4", "questao4\questao4.csproj", "{FD6696BA-A5D1-4C6C-9AE7-F09494E72D5A}"
EndProject
Project("{FAE04EC0-301F-11D3-BF4B-00C04F79EFBC}") = "questao02", "questao02\questao02.csproj", "{C0BB87F0-58F7-4988-96FE-37FE3965CDCB}"
EndProject
Global
	GlobalSection(SolutionConfigurationPlatforms) = preSolution
		Debug|Any CPU = Debug|Any CPU
		Release|Any CPU = Release|Any CPU
	EndGlobalSection
	GlobalSection(ProjectConfigurationPlatforms) = postSolution
		{956EB56C-A567-4BCE-81CB-2B67F8447374}.Debug|Any CPU.ActiveCfg = Debug|Any CPU
		{956EB56C-A567-4BCE-81CB-2B67F8447374}.Debug|Any CPU.Build.0 = Debug|Any CPU
		{956EB56C-A567-4BCE-81CB-2B67F8447374}.Release|Any CPU.ActiveCfg = Release|Any CPU
		{956EB56C-A567-4BCE-81CB-2B67F8447374}.Release|Any CPU.Build.0 = Release|Any CPU
		{65E99009-1C95-496D-8685-FA73EFBBB534}.Debug|Any CPU.ActiveCfg = Debug|Any CPU
		{65E99009-1C95-496D-8685-FA73EFBBB534}.Debug|Any CPU.Build.0 = Debug|Any CPU
		{65E99009-1C95-496D-8685-FA73EFBBB534}.Release|Any CPU.ActiveCfg = Release|Any CPU
		{65E99009-1C95-496D-8685-FA73EFBBB534}.Release|Any CPU.Build.0 = Release|Any CPU
		{FD6696BA-A5D1-4C6C-9AE7-F09494E72D5A}.Debug|Any CPU.ActiveCfg = Debug|Any CPU
		{FD6696BA-A5D1-4C6C-9AE7-F09494E72D5A}.Debug|Any CPU.Build.0 = Debug|Any CPU
		{FD6696BA-A5D1-4C6C-9AE7-F09494E72D5A}.Release|Any CPU.ActiveCfg = Release|Any CPU
		{FD6696BA-A5D1-4C6C-9AE7-F09494E72D5A}.Release|Any CPU.Build.0 = Release|Any CPU
		{C0BB87F0-58F7-4988-96FE-37FE3965CDCB}.Debug|Any CPU.ActiveCfg = Debug|Any CPU
		{C0BB87F0-58F7-4988-96FE-37FE3965CDCB}.Debug|Any CPU.Build.0 = Debug|Any CPU
		{C0BB87F0-58F7-4988-96FE-37FE3965CDCB}.Release|Any CPU.ActiveCfg = Release|Any CPU
		{C0BB87F0-58F7-4988-96FE-37FE3965CDCB}.Release|Any CPU.Build.0 = Release|Any CPU
	EndGlobalSection
	GlobalSection(SolutionProperties) = preSolution
		HideSolutionNode = FALSE
	EndGlobalSection
	GlobalSection(ExtensibilityGlobals) = postSolution
		SolutionGuid = {24A78711-203F-463E-BAF3-DA72A0D678C8}
	EndGlobalSection
EndGlobal
